
Microsoft Visual Studio Solution File, Format Version 12.00
# Visual Studio Version 17
VisualStudioVersion = 17.6.33712.159
MinimumVisualStudioVersion = 10.0.40219.1
Project("{9A19103F-16F7-4668-BE54-9A1E7A4F7556}") = "FocusTimer", "FocusTimer\FocusTimer.csproj", "{A15ABA87-CAFE-4A41-8E39-423D48FFF18F}"
EndProject
Global
	GlobalSection(SolutionConfigurationPlatforms) = preSolution
		Debug|Any CPU = Debug|Any CPU
		Release|Any CPU = Release|Any CPU
	EndGlobalSection
	GlobalSection(ProjectConfigurationPlatforms) = postSolution
		{A15ABA87-CAFE-4A41-8E39-423D48FFF18F}.Debug|Any CPU.ActiveCfg = Debug|Any CPU
		{A15ABA87-CAFE-4A41-8E39-423D48FFF18F}.Debug|Any CPU.Build.0 = Debug|Any CPU
		{A15ABA87-CAFE-4A41-8E39-423D48FFF18F}.Release|Any CPU.ActiveCfg = Release|Any CPU
		{A15ABA87-CAFE-4A41-8E39-423D48FFF18F}.Release|Any CPU.Build.0 = Release|Any CPU
	EndGlobalSection
	GlobalSection(SolutionProperties) = preSolution
		HideSolutionNode = FALSE
	EndGlobalSection
	GlobalSection(ExtensibilityGlobals) = postSolution
		SolutionGuid = {E6FA1AE9-B866-4D4A-AA52-33E3F2557290}
	EndGlobalSection
EndGlobal
